
Microsoft Visual Studio Solution File, Format Version 12.00
# Visual Studio Version 17
VisualStudioVersion = 17.9.34714.143
MinimumVisualStudioVersion = 10.0.40219.1
Project("{FAE04EC0-301F-11D3-BF4B-00C04F79EFBC}") = "MyOODProject", "MyOODProject\MyOODProject.csproj", "{CBA526C3-41DE-49D7-B37A-F7C139BD09A5}"
EndProject
Project("{FAE04EC0-301F-11D3-BF4B-00C04F79EFBC}") = "DataManagement", "..\DataManagement\DataManagement.csproj", "{6FC69DCE-00C1-471D-B9D0-5069AEDA815B}"
EndProject
Global
	GlobalSection(SolutionConfigurationPlatforms) = preSolution
		Debug|Any CPU = Debug|Any CPU
		Release|Any CPU = Release|Any CPU
	EndGlobalSection
	GlobalSection(ProjectConfigurationPlatforms) = postSolution
		{CBA526C3-41DE-49D7-B37A-F7C139BD09A5}.Debug|Any CPU.ActiveCfg = Debug|Any CPU
		{CBA526C3-41DE-49D7-B37A-F7C139BD09A5}.Debug|Any CPU.Build.0 = Debug|Any CPU
		{CBA526C3-41DE-49D7-B37A-F7C139BD09A5}.Release|Any CPU.ActiveCfg = Release|Any CPU
		{CBA526C3-41DE-49D7-B37A-F7C139BD09A5}.Release|Any CPU.Build.0 = Release|Any CPU
		{6FC69DCE-00C1-471D-B9D0-5069AEDA815B}.Debug|Any CPU.ActiveCfg = Debug|Any CPU
		{6FC69DCE-00C1-471D-B9D0-5069AEDA815B}.Debug|Any CPU.Build.0 = Debug|Any CPU
		{6FC69DCE-00C1-471D-B9D0-5069AEDA815B}.Release|Any CPU.ActiveCfg = Release|Any CPU
		{6FC69DCE-00C1-471D-B9D0-5069AEDA815B}.Release|Any CPU.Build.0 = Release|Any CPU
	EndGlobalSection
	GlobalSection(SolutionProperties) = preSolution
		HideSolutionNode = FALSE
	EndGlobalSection
	GlobalSection(ExtensibilityGlobals) = postSolution
		SolutionGuid = {5B0C4A60-EADA-4E0C-9C8E-A6CB8DB31FE9}
	EndGlobalSection
EndGlobal
